
Microsoft Visual Studio Solution File, Format Version 12.00
# Visual Studio Version 17
VisualStudioVersion = 17.0.31903.59
MinimumVisualStudioVersion = 10.0.40219.1
Project("{FAE04EC0-301F-11D3-BF4B-00C04F79EFBC}") = "PathMentor.Data", "PathMentor.Data\PathMentor.Data.csproj", "{3CC65638-500C-41C2-96AB-090B010AF8D3}"
EndProject
Project("{FAE04EC0-301F-11D3-BF4B-00C04F79EFBC}") = "PathMentor.Model.API", "PathMentor.Model.API\PathMentor.Model.API.csproj", "{2D79D4B5-60C6-47D6-B918-2E683E89FEF4}"
EndProject
Global
	GlobalSection(SolutionConfigurationPlatforms) = preSolution
		Debug|Any CPU = Debug|Any CPU
		Release|Any CPU = Release|Any CPU
	EndGlobalSection
	GlobalSection(SolutionProperties) = preSolution
		HideSolutionNode = FALSE
	EndGlobalSection
	GlobalSection(ProjectConfigurationPlatforms) = postSolution
		{3CC65638-500C-41C2-96AB-090B010AF8D3}.Debug|Any CPU.ActiveCfg = Debug|Any CPU
		{3CC65638-500C-41C2-96AB-090B010AF8D3}.Debug|Any CPU.Build.0 = Debug|Any CPU
		{3CC65638-500C-41C2-96AB-090B010AF8D3}.Release|Any CPU.ActiveCfg = Release|Any CPU
		{3CC65638-500C-41C2-96AB-090B010AF8D3}.Release|Any CPU.Build.0 = Release|Any CPU
		{2D79D4B5-60C6-47D6-B918-2E683E89FEF4}.Debug|Any CPU.ActiveCfg = Debug|Any CPU
		{2D79D4B5-60C6-47D6-B918-2E683E89FEF4}.Debug|Any CPU.Build.0 = Debug|Any CPU
		{2D79D4B5-60C6-47D6-B918-2E683E89FEF4}.Release|Any CPU.ActiveCfg = Release|Any CPU
		{2D79D4B5-60C6-47D6-B918-2E683E89FEF4}.Release|Any CPU.Build.0 = Release|Any CPU
	EndGlobalSection
EndGlobal
